# @generated by Move, please check-in and do not edit manually.

[move]
version = 3
manifest_digest = "E0131374A561BDE1ADB5B64ED51A85541682694CC3BE82E65600CB77FF9109EC"
deps_digest = "F9B494B64F0615AED0E98FC12A85B85ECD2BC5185C22D30E7F67786BB52E507C"
dependencies = [
  { id = "Iota", name = "Iota" },
  { id = "IotaSystem", name = "IotaSystem" },
  { id = "MoveStdlib", name = "MoveStdlib" },
  { id = "Stardust", name = "Stardust" },
]

[[move.package]]
id = "Iota"
source = { git = "https://github.com/iotaledger/iota.git", rev = "6bfe08416465aec56850c60be65c6b827b3c10ee", subdir = "crates/iota-framework/packages/iota-framework" }

dependencies = [
  { id = "MoveStdlib", name = "MoveStdlib" },
]

[[move.package]]
id = "IotaSystem"
source = { git = "https://github.com/iotaledger/iota.git", rev = "6bfe08416465aec56850c60be65c6b827b3c10ee", subdir = "crates/iota-framework/packages/iota-system" }

dependencies = [
  { id = "Iota", name = "Iota" },
  { id = "MoveStdlib", name = "MoveStdlib" },
]

[[move.package]]
id = "MoveStdlib"
source = { git = "https://github.com/iotaledger/iota.git", rev = "6bfe08416465aec56850c60be65c6b827b3c10ee", subdir = "crates/iota-framework/packages/move-stdlib" }

[[move.package]]
id = "Stardust"
source = { git = "https://github.com/iotaledger/iota.git", rev = "6bfe08416465aec56850c60be65c6b827b3c10ee", subdir = "crates/iota-framework/packages/stardust" }

dependencies = [
  { id = "Iota", name = "Iota" },
  { id = "MoveStdlib", name = "MoveStdlib" },
]

[move.toolchain-version]
compiler-version = "1.12.0"
edition = "2024"
flavor = "iota"

[env]

[env.testnet]
chain-id = "2304aa97"
original-published-id = "0xd06181cdb4a44c6336ad0a94cf8aa555d29552def7486f578758dda630d9efe4"
latest-published-id = "0xd06181cdb4a44c6336ad0a94cf8aa555d29552def7486f578758dda630d9efe4"
published-version = "1"
